
Microsoft Visual Studio Solution File, Format Version 12.00
# Visual Studio Version 16
VisualStudioVersion = 16.0.32510.428
MinimumVisualStudioVersion = 10.0.40219.1
Project("{FAE04EC0-301F-11D3-BF4B-00C04F79EFBC}") = "Socket_Server", "Socket_Server\Socket_Server.csproj", "{8623B9A8-59C6-45A1-A1B3-D0CCBFA3751C}"
EndProject
Global
	GlobalSection(SolutionConfigurationPlatforms) = preSolution
		Debug|Any CPU = Debug|Any CPU
		Release|Any CPU = Release|Any CPU
	EndGlobalSection
	GlobalSection(ProjectConfigurationPlatforms) = postSolution
		{8623B9A8-59C6-45A1-A1B3-D0CCBFA3751C}.Debug|Any CPU.ActiveCfg = Debug|Any CPU
		{8623B9A8-59C6-45A1-A1B3-D0CCBFA3751C}.Debug|Any CPU.Build.0 = Debug|Any CPU
		{8623B9A8-59C6-45A1-A1B3-D0CCBFA3751C}.Release|Any CPU.ActiveCfg = Release|Any CPU
		{8623B9A8-59C6-45A1-A1B3-D0CCBFA3751C}.Release|Any CPU.Build.0 = Release|Any CPU
	EndGlobalSection
	GlobalSection(SolutionProperties) = preSolution
		HideSolutionNode = FALSE
	EndGlobalSection
	GlobalSection(ExtensibilityGlobals) = postSolution
		SolutionGuid = {24D01A13-1BCC-49C7-B86D-C2575C5FCEF9}
	EndGlobalSection
EndGlobal
